
Microsoft Visual Studio Solution File, Format Version 12.00
# Visual Studio 15
VisualStudioVersion = 15.0.27703.2047
MinimumVisualStudioVersion = 10.0.40219.1
Project("{FAE04EC0-301F-11D3-BF4B-00C04F79EFBC}") = "ChemFormatter.Lib", "ChemFormatter.Lib\ChemFormatter.Lib.csproj", "{712011D8-7A97-4E63-8D40-3E238A1E8A91}"
EndProject
Project("{FAE04EC0-301F-11D3-BF4B-00C04F79EFBC}") = "ChemFormatter.LibTests", "ChemFormatter.LibTests\ChemFormatter.LibTests.csproj", "{38E07080-6B05-452E-BFAA-C90D54CADA10}"
EndProject
Project("{2150E333-8FDC-42A3-9474-1A3956D46DE8}") = "Solution Items", "Solution Items", "{68407BF5-0324-484A-8F4C-621225A055D3}"
	ProjectSection(SolutionItems) = preProject
		Ribbon.ttinclude = Ribbon.ttinclude
		Version.cs = Version.cs
	EndProjectSection
EndProject
Project("{54435603-DBB4-11D2-8724-00A0C9A8B90C}") = "Setup", "Setup\Setup.vdproj", "{E24BE749-361F-446B-8CA0-A239B214ED33}"
EndProject
Project("{FAE04EC0-301F-11D3-BF4B-00C04F79EFBC}") = "ChemFormatter.ExcelAddIn", "ChemFormatter.ExcelAddIn\ChemFormatter.ExcelAddIn.csproj", "{3EDE7602-77AD-4DE3-9772-6108C672CB40}"
EndProject
Project("{FAE04EC0-301F-11D3-BF4B-00C04F79EFBC}") = "ChemFormatter.WordAddIn", "ChemFormatter.WordAddIn\ChemFormatter.WordAddIn.csproj", "{BDD48BDE-191F-42E8-901D-A73B2267C5C4}"
EndProject
Project("{FAE04EC0-301F-11D3-BF4B-00C04F79EFBC}") = "ChemFormatter.PowerPointAddIn", "ChemFormatter.PowerPointAddIn\ChemFormatter.PowerPointAddIn.csproj", "{0BE9C140-45AE-4C43-8BDE-95026A0E0624}"
EndProject
Project("{54435603-DBB4-11D2-8724-00A0C9A8B90C}") = "Setup64", "Setup64\Setup64.vdproj", "{8F68C043-7B38-4160-BC16-C8028EDB9F2F}"
EndProject
Global
	GlobalSection(SolutionConfigurationPlatforms) = preSolution
		Debug|Any CPU = Debug|Any CPU
		Debug|x86 = Debug|x86
		Release|Any CPU = Release|Any CPU
		Release|x86 = Release|x86
	EndGlobalSection
	GlobalSection(ProjectConfigurationPlatforms) = postSolution
		{712011D8-7A97-4E63-8D40-3E238A1E8A91}.Debug|Any CPU.ActiveCfg = Debug|Any CPU
		{712011D8-7A97-4E63-8D40-3E238A1E8A91}.Debug|Any CPU.Build.0 = Debug|Any CPU
		{712011D8-7A97-4E63-8D40-3E238A1E8A91}.Debug|x86.ActiveCfg = Debug|Any CPU
		{712011D8-7A97-4E63-8D40-3E238A1E8A91}.Debug|x86.Build.0 = Debug|Any CPU
		{712011D8-7A97-4E63-8D40-3E238A1E8A91}.Release|Any CPU.ActiveCfg = Release|Any CPU
		{712011D8-7A97-4E63-8D40-3E238A1E8A91}.Release|Any CPU.Build.0 = Release|Any CPU
		{712011D8-7A97-4E63-8D40-3E238A1E8A91}.Release|x86.ActiveCfg = Release|Any CPU
		{712011D8-7A97-4E63-8D40-3E238A1E8A91}.Release|x86.Build.0 = Release|Any CPU
		{38E07080-6B05-452E-BFAA-C90D54CADA10}.Debug|Any CPU.ActiveCfg = Debug|Any CPU
		{38E07080-6B05-452E-BFAA-C90D54CADA10}.Debug|Any CPU.Build.0 = Debug|Any CPU
		{38E07080-6B05-452E-BFAA-C90D54CADA10}.Debug|x86.ActiveCfg = Debug|Any CPU
		{38E07080-6B05-452E-BFAA-C90D54CADA10}.Debug|x86.Build.0 = Debug|Any CPU
		{38E07080-6B05-452E-BFAA-C90D54CADA10}.Release|Any CPU.ActiveCfg = Release|Any CPU
		{38E07080-6B05-452E-BFAA-C90D54CADA10}.Release|Any CPU.Build.0 = Release|Any CPU
		{38E07080-6B05-452E-BFAA-C90D54CADA10}.Release|x86.ActiveCfg = Release|Any CPU
		{38E07080-6B05-452E-BFAA-C90D54CADA10}.Release|x86.Build.0 = Release|Any CPU
		{E24BE749-361F-446B-8CA0-A239B214ED33}.Debug|Any CPU.ActiveCfg = Release
		{E24BE749-361F-446B-8CA0-A239B214ED33}.Debug|x86.ActiveCfg = Release
		{E24BE749-361F-446B-8CA0-A239B214ED33}.Debug|x86.Build.0 = Release
		{E24BE749-361F-446B-8CA0-A239B214ED33}.Release|Any CPU.ActiveCfg = Release
		{E24BE749-361F-446B-8CA0-A239B214ED33}.Release|Any CPU.Build.0 = Release
		{E24BE749-361F-446B-8CA0-A239B214ED33}.Release|x86.ActiveCfg = Release
		{E24BE749-361F-446B-8CA0-A239B214ED33}.Release|x86.Build.0 = Release
		{3EDE7602-77AD-4DE3-9772-6108C672CB40}.Debug|Any CPU.ActiveCfg = Debug|Any CPU
		{3EDE7602-77AD-4DE3-9772-6108C672CB40}.Debug|Any CPU.Build.0 = Debug|Any CPU
		{3EDE7602-77AD-4DE3-9772-6108C672CB40}.Debug|x86.ActiveCfg = Debug|Any CPU
		{3EDE7602-77AD-4DE3-9772-6108C672CB40}.Debug|x86.Build.0 = Debug|Any CPU
		{3EDE7602-77AD-4DE3-9772-6108C672CB40}.Release|Any CPU.ActiveCfg = Release|Any CPU
		{3EDE7602-77AD-4DE3-9772-6108C672CB40}.Release|Any CPU.Build.0 = Release|Any CPU
		{3EDE7602-77AD-4DE3-9772-6108C672CB40}.Release|x86.ActiveCfg = Release|Any CPU
		{3EDE7602-77AD-4DE3-9772-6108C672CB40}.Release|x86.Build.0 = Release|Any CPU
		{BDD48BDE-191F-42E8-901D-A73B2267C5C4}.Debug|Any CPU.ActiveCfg = Debug|Any CPU
		{BDD48BDE-191F-42E8-901D-A73B2267C5C4}.Debug|Any CPU.Build.0 = Debug|Any CPU
		{BDD48BDE-191F-42E8-901D-A73B2267C5C4}.Debug|x86.ActiveCfg = Debug|Any CPU
		{BDD48BDE-191F-42E8-901D-A73B2267C5C4}.Debug|x86.Build.0 = Debug|Any CPU
		{BDD48BDE-191F-42E8-901D-A73B2267C5C4}.Release|Any CPU.ActiveCfg = Release|Any CPU
		{BDD48BDE-191F-42E8-901D-A73B2267C5C4}.Release|Any CPU.Build.0 = Release|Any CPU
		{BDD48BDE-191F-42E8-901D-A73B2267C5C4}.Release|x86.ActiveCfg = Release|Any CPU
		{BDD48BDE-191F-42E8-901D-A73B2267C5C4}.Release|x86.Build.0 = Release|Any CPU
		{0BE9C140-45AE-4C43-8BDE-95026A0E0624}.Debug|Any CPU.ActiveCfg = Debug|Any CPU
		{0BE9C140-45AE-4C43-8BDE-95026A0E0624}.Debug|Any CPU.Build.0 = Debug|Any CPU
		{0BE9C140-45AE-4C43-8BDE-95026A0E0624}.Debug|x86.ActiveCfg = Debug|Any CPU
		{0BE9C140-45AE-4C43-8BDE-95026A0E0624}.Debug|x86.Build.0 = Debug|Any CPU
		{0BE9C140-45AE-4C43-8BDE-95026A0E0624}.Release|Any CPU.ActiveCfg = Release|Any CPU
		{0BE9C140-45AE-4C43-8BDE-95026A0E0624}.Release|Any CPU.Build.0 = Release|Any CPU
		{0BE9C140-45AE-4C43-8BDE-95026A0E0624}.Release|x86.ActiveCfg = Release|Any CPU
		{0BE9C140-45AE-4C43-8BDE-95026A0E0624}.Release|x86.Build.0 = Release|Any CPU
		{8F68C043-7B38-4160-BC16-C8028EDB9F2F}.Debug|Any CPU.ActiveCfg = Release
		{8F68C043-7B38-4160-BC16-C8028EDB9F2F}.Debug|Any CPU.Build.0 = Release
		{8F68C043-7B38-4160-BC16-C8028EDB9F2F}.Debug|x86.ActiveCfg = Release
		{8F68C043-7B38-4160-BC16-C8028EDB9F2F}.Debug|x86.Build.0 = Release
		{8F68C043-7B38-4160-BC16-C8028EDB9F2F}.Release|Any CPU.ActiveCfg = Release
		{8F68C043-7B38-4160-BC16-C8028EDB9F2F}.Release|Any CPU.Build.0 = Release
		{8F68C043-7B38-4160-BC16-C8028EDB9F2F}.Release|x86.ActiveCfg = Release
		{8F68C043-7B38-4160-BC16-C8028EDB9F2F}.Release|x86.Build.0 = Release
	EndGlobalSection
	GlobalSection(SolutionProperties) = preSolution
		HideSolutionNode = FALSE
	EndGlobalSection
	GlobalSection(ExtensibilityGlobals) = postSolution
		SolutionGuid = {6F01FA7D-EB6C-4491-9A7D-F2AB3E5393A9}
	EndGlobalSection
EndGlobal
